
Microsoft Visual Studio Solution File, Format Version 12.00
Project("{FAE04EC0-301F-11D3-BF4B-00C04F79EFBC}") = "Menhera", "Menhera.csproj", "{20B998F3-121E-4CC6-A0EE-19ECEB4021AE}"
EndProject
Global
	GlobalSection(SolutionConfigurationPlatforms) = preSolution
		Debug|Any CPU = Debug|Any CPU
		Release|Any CPU = Release|Any CPU
	EndGlobalSection
	GlobalSection(ProjectConfigurationPlatforms) = postSolution
		{20B998F3-121E-4CC6-A0EE-19ECEB4021AE}.Debug|Any CPU.ActiveCfg = Debug|Any CPU
		{20B998F3-121E-4CC6-A0EE-19ECEB4021AE}.Debug|Any CPU.Build.0 = Debug|Any CPU
		{20B998F3-121E-4CC6-A0EE-19ECEB4021AE}.Release|Any CPU.ActiveCfg = Release|Any CPU
		{20B998F3-121E-4CC6-A0EE-19ECEB4021AE}.Release|Any CPU.Build.0 = Release|Any CPU
	EndGlobalSection
EndGlobal
